{
  "nodes": {
    "flake-compat": {
      "flake": false,
      "locked": {
        "lastModified": 1668681692,
        "narHash": "sha256-Ht91NGdewz8IQLtWZ9LCeNXMSXHUss+9COoqu6JLmXU=",
        "owner": "edolstra",
        "repo": "flake-compat",
        "rev": "009399224d5e398d03b22badca40a37ac85412a1",
        "type": "github"
      },
      "original": {
        "owner": "edolstra",
        "repo": "flake-compat",
        "type": "github"
      }
    },
    "flake-compat_2": {
      "flake": false,
      "locked": {
        "lastModified": 1668681692,
        "narHash": "sha256-Ht91NGdewz8IQLtWZ9LCeNXMSXHUss+9COoqu6JLmXU=",
        "owner": "edolstra",
        "repo": "flake-compat",
        "rev": "009399224d5e398d03b22badca40a37ac85412a1",
        "type": "github"
      },
      "original": {
        "owner": "edolstra",
        "repo": "flake-compat",
        "type": "github"
      }
    },
    "flake-compat_3": {
      "flake": false,
      "locked": {
        "lastModified": 1668681692,
        "narHash": "sha256-Ht91NGdewz8IQLtWZ9LCeNXMSXHUss+9COoqu6JLmXU=",
        "owner": "edolstra",
        "repo": "flake-compat",
        "rev": "009399224d5e398d03b22badca40a37ac85412a1",
        "type": "github"
      },
      "original": {
        "owner": "edolstra",
        "repo": "flake-compat",
        "type": "github"
      }
    },
    "flake-utils": {
      "locked": {
        "lastModified": 1667395993,
        "narHash": "sha256-nuEHfE/LcWyuSWnS8t12N1wc105Qtau+/OdUAjtQ0rA=",
        "owner": "numtide",
        "repo": "flake-utils",
        "rev": "5aed5285a952e0b949eb3ba02c12fa4fcfef535f",
        "type": "github"
      },
      "original": {
        "owner": "numtide",
        "repo": "flake-utils",
        "type": "github"
      }
    },
    "flake-utils_2": {
      "locked": {
        "lastModified": 1667395993,
        "narHash": "sha256-nuEHfE/LcWyuSWnS8t12N1wc105Qtau+/OdUAjtQ0rA=",
        "owner": "numtide",
        "repo": "flake-utils",
        "rev": "5aed5285a952e0b949eb3ba02c12fa4fcfef535f",
        "type": "github"
      },
      "original": {
        "owner": "numtide",
        "repo": "flake-utils",
        "type": "github"
      }
    },
    "gitignore": {
      "inputs": {
        "nixpkgs": [
          "pre-commit-hooks",
          "nixpkgs"
        ]
      },
      "locked": {
        "lastModified": 1660459072,
        "narHash": "sha256-8DFJjXG8zqoONA1vXtgeKXy68KdJL5UaXR8NtVMUbx8=",
        "owner": "hercules-ci",
        "repo": "gitignore.nix",
        "rev": "a20de23b925fd8264fd7fad6454652e142fd7f73",
        "type": "github"
      },
      "original": {
        "owner": "hercules-ci",
        "repo": "gitignore.nix",
        "type": "github"
      }
    },
    "neovim-flake": {
      "inputs": {
        "flake-utils": "flake-utils",
        "nixpkgs": [
          "neovim-nightly-overlay",
          "nixpkgs"
        ]
      },
      "locked": {
        "dir": "contrib",
        "lastModified": 1673746461,
        "narHash": "sha256-Y21pbVNlPWPokXFbngSahnxeCff0LX+LKdDktEBIVm4=",
        "owner": "neovim",
        "repo": "neovim",
        "rev": "6134c1e8a39a5e61d0593613343a5923a86e3545",
        "type": "github"
      },
      "original": {
        "dir": "contrib",
        "owner": "neovim",
        "repo": "neovim",
        "type": "github"
      }
    },
    "neovim-nightly-overlay": {
      "inputs": {
        "flake-compat": "flake-compat_2",
        "neovim-flake": "neovim-flake",
        "nixpkgs": [
          "nixpkgs-stable"
        ]
      },
      "locked": {
        "lastModified": 1673770422,
        "narHash": "sha256-hYVEUzvqobxAM2FZfWTrTLKKNfkOSfsm0uGqNoSiIvw=",
        "owner": "nix-community",
        "repo": "neovim-nightly-overlay",
        "rev": "fd8e5953cfeada345d7daeedce6ab0919f1284d4",
        "type": "github"
      },
      "original": {
        "owner": "nix-community",
        "repo": "neovim-nightly-overlay",
        "type": "github"
      }
    },
    "nixpkgs": {
      "locked": {
        "lastModified": 1673606088,
        "narHash": "sha256-wdYD41UwNwPhTdMaG0AIe7fE1bAdyHe6bB4HLUqUvck=",
        "owner": "nixos",
        "repo": "nixpkgs",
        "rev": "37b97ae3dd714de9a17923d004a2c5b5543dfa6d",
        "type": "github"
      },
      "original": {
        "owner": "nixos",
        "ref": "nixpkgs-unstable",
        "repo": "nixpkgs",
        "type": "github"
      }
    },
    "nixpkgs-stable": {
      "locked": {
        "lastModified": 1673704454,
        "narHash": "sha256-5Wdj1MgdOgn3+dMFIBtg+IAYZApjF8JzwLWDPieg0C4=",
        "owner": "NixOS",
        "repo": "nixpkgs",
        "rev": "a83ed85c14fcf242653df6f4b0974b7e1c73c6c6",
        "type": "github"
      },
      "original": {
        "owner": "NixOS",
        "ref": "nixos-22.11",
        "repo": "nixpkgs",
        "type": "github"
      }
    },
    "nixpkgs-stable_2": {
      "locked": {
        "lastModified": 1671271954,
        "narHash": "sha256-cSvu+bnvN08sOlTBWbBrKaBHQZq8mvk8bgpt0ZJ2Snc=",
        "owner": "NixOS",
        "repo": "nixpkgs",
        "rev": "d513b448cc2a6da2c8803e3c197c9fc7e67b19e3",
        "type": "github"
      },
      "original": {
        "owner": "NixOS",
        "ref": "nixos-22.05",
        "repo": "nixpkgs",
        "type": "github"
      }
    },
    "nvim-lspconfig": {
      "flake": false,
      "locked": {
        "lastModified": 1673762542,
        "narHash": "sha256-td813RwxxjyJTWEgy6JDcvm5R4RJxMKjP7qZPdfBgKM=",
        "owner": "neovim",
        "repo": "nvim-lspconfig",
        "rev": "8ebe6894dddaeb1459e1397c865f54fa5ecaac80",
        "type": "github"
      },
      "original": {
        "owner": "neovim",
        "repo": "nvim-lspconfig",
        "type": "github"
      }
    },
    "packer-nvim": {
      "flake": false,
      "locked": {
        "lastModified": 1673481162,
        "narHash": "sha256-YAhAFiR31aGl2SEsA/itP+KgkLyV58EJEwosdc+No9s=",
        "owner": "wbthomason",
        "repo": "packer.nvim",
        "rev": "1d0cf98a561f7fd654c970c49f917d74fafe1530",
        "type": "github"
      },
      "original": {
        "owner": "wbthomason",
        "repo": "packer.nvim",
        "type": "github"
      }
    },
    "plenary-nvim": {
      "flake": false,
      "locked": {
        "lastModified": 1673361461,
        "narHash": "sha256-UWrp5ZoDRhOXSMsHZxrZHPfqBtgnKWf9SA8ChIVKF4o=",
        "owner": "nvim-lua",
        "repo": "plenary.nvim",
        "rev": "1c7e3e6b0f4dd5a174fcea9fda8a4d7de593b826",
        "type": "github"
      },
      "original": {
        "owner": "nvim-lua",
        "repo": "plenary.nvim",
        "type": "github"
      }
    },
    "pre-commit-hooks": {
      "inputs": {
        "flake-compat": "flake-compat_3",
        "flake-utils": "flake-utils_2",
        "gitignore": "gitignore",
        "nixpkgs": [
          "nixpkgs"
        ],
        "nixpkgs-stable": "nixpkgs-stable_2"
      },
      "locked": {
        "lastModified": 1673627351,
        "narHash": "sha256-oppRxEg/7ICcG67ErBvu1UlXt3su6zMcNoQmKaHPs5I=",
        "owner": "cachix",
        "repo": "pre-commit-hooks.nix",
        "rev": "496e4505c2ddf5f205242eae8064d7d89cd976c0",
        "type": "github"
      },
      "original": {
        "owner": "cachix",
        "repo": "pre-commit-hooks.nix",
        "type": "github"
      }
    },
    "root": {
      "inputs": {
        "flake-compat": "flake-compat",
        "neovim-nightly-overlay": "neovim-nightly-overlay",
        "nixpkgs": "nixpkgs",
        "nixpkgs-stable": "nixpkgs-stable",
        "nvim-lspconfig": "nvim-lspconfig",
        "packer-nvim": "packer-nvim",
        "plenary-nvim": "plenary-nvim",
        "pre-commit-hooks": "pre-commit-hooks",
        "telescope-nvim": "telescope-nvim",
        "toggleterm": "toggleterm"
      }
    },
    "telescope-nvim": {
      "flake": false,
      "locked": {
        "lastModified": 1673695172,
        "narHash": "sha256-lkyqDrmruMfQdr7+GEpLS32Y1Zet0FfHSOriWsKSc4s=",
        "owner": "nvim-telescope",
        "repo": "telescope.nvim",
        "rev": "b69b33eded07341253bc1f0b4ae6bbc5c411a2ab",
        "type": "github"
      },
      "original": {
        "owner": "nvim-telescope",
        "repo": "telescope.nvim",
        "type": "github"
      }
    },
    "toggleterm": {
      "flake": false,
      "locked": {
        "lastModified": 1673603637,
        "narHash": "sha256-qsEtCDEy/EsMChZ9Ysv0Z5knKp4sISb2BnSrfWsECR8=",
        "owner": "akinsho",
        "repo": "toggleterm.nvim",
        "rev": "a54e6c471ce1cd8ef8357e34598a28a955297131",
        "type": "github"
      },
      "original": {
        "owner": "akinsho",
        "repo": "toggleterm.nvim",
        "type": "github"
      }
    }
  },
  "root": "root",
  "version": 7
}
